PODS:
  - Alamofire (5.4.3)
  - Socket.IO-Client-Swift (15.1.0):
    - Starscream (~> 3.1)
  - Starscream (3.1.1)
  - SwiftyJSON (4.3.0)

DEPENDENCIES:
  - Alamofire (~> 5.2)
  - Socket.IO-Client-Swift (~> 15.1.0)
  - SwiftyJSON (~> 4.0)

SPEC REPOS:
  trunk:
    - Alamofire
    - Socket.IO-Client-Swift
    - Starscream
    - SwiftyJSON

SPEC CHECKSUMS:
  Alamofire: e447a2774a40c996748296fa2c55112fdbbc42f9
  Socket.IO-Client-Swift: 7cb44c0ffb86e158cee32d0642d30ec5fdcf8f61
  Starscream: 4bb2f9942274833f7b4d296a55504dcfc7edb7b0
  SwiftyJSON: 6faa0040f8b59dead0ee07436cbf76b73c08fd08

PODFILE CHECKSUM: c557eb67268e256ee5fde329d6cba0f5728c38d8

COCOAPODS: 1.10.1
